{
  "name": "get-bank-152493-function",
  "version": "1.0.0",
  "lockfileVersion": 1,
  "requires": true,
  "dependencies": {
    "json-query": {
      "version": "2.2.2",
      "resolved": "https://registry.npmjs.org/json-query/-/json-query-2.2.2.tgz",
      "integrity": "sha1-tlWLijeUzNIXkmqjgCQyS3e0irE="
    },
    "object-mapper": {
      "version": "6.0.1",
      "resolved": "https://registry.npmjs.org/object-mapper/-/object-mapper-6.0.1.tgz",
      "integrity": "sha512-SIimiG9mDDwpwinhyEsck35xGa/ewBT8dp6+NOXn8ySJFhOWfunMHrUaWN9HUDW91CXiO8u2eWhRS2bj+ZoHAg=="
    }
  }
}
